
Microsoft Visual Studio Solution File, Format Version 12.00
# Visual Studio Version 16
VisualStudioVersion = 16.0.32630.194
MinimumVisualStudioVersion = 10.0.40219.1
Project("{FAE04EC0-301F-11D3-BF4B-00C04F79EFBC}") = "Calc", "Calc\Calc.csproj", "{5CE93593-AD86-42E9-B0E0-FC34099D7123}"
EndProject
Global
	GlobalSection(SolutionConfigurationPlatforms) = preSolution
		Debug|Any CPU = Debug|Any CPU
		Release|Any CPU = Release|Any CPU
	EndGlobalSection
	GlobalSection(ProjectConfigurationPlatforms) = postSolution
		{5CE93593-AD86-42E9-B0E0-FC34099D7123}.Debug|Any CPU.ActiveCfg = Debug|Any CPU
		{5CE93593-AD86-42E9-B0E0-FC34099D7123}.Debug|Any CPU.Build.0 = Debug|Any CPU
		{5CE93593-AD86-42E9-B0E0-FC34099D7123}.Release|Any CPU.ActiveCfg = Release|Any CPU
		{5CE93593-AD86-42E9-B0E0-FC34099D7123}.Release|Any CPU.Build.0 = Release|Any CPU
	EndGlobalSection
	GlobalSection(SolutionProperties) = preSolution
		HideSolutionNode = FALSE
	EndGlobalSection
	GlobalSection(ExtensibilityGlobals) = postSolution
		SolutionGuid = {900D0DFE-A1D6-46FE-A0DC-18D73530542C}
	EndGlobalSection
EndGlobal
